{
    "_readme": [
        "This file locks the dependencies of your project to a known state",
        "Read more about it at https://getcomposer.org/doc/01-basic-usage.md#installing-dependencies",
        "This file is @generated automatically"
    ],
    "content-hash": "dce0895fd440ed0ca5d6f4e42db54b8c",
    "packages": [],
    "packages-dev": [
        {
            "name": "dg/ftp-deployment",
            "version": "v3.3.1",
            "source": {
                "type": "git",
                "url": "https://github.com/dg/ftp-deployment.git",
                "reference": "267cb5f3467d962b0ea86c15a45c7d855af8bcdd"
            },
            "dist": {
                "type": "zip",
                "url": "https://api.github.com/repos/dg/ftp-deployment/zipball/267cb5f3467d962b0ea86c15a45c7d855af8bcdd",
                "reference": "267cb5f3467d962b0ea86c15a45c7d855af8bcdd",
                "shasum": ""
            },
            "require": {
                "ext-zlib": "*",
                "php": ">=7.1"
            },
            "require-dev": {
                "nette/tester": "^2.0",
                "phpstan/phpstan": "^0.12"
            },
            "suggest": {
                "ext-ftp": "to connect to ftp:// server",
                "ext-json": "to preprocess CSS files via online service",
                "ext-openssl": "to connect to ftps:// server and preprocess CSS files",
                "ext-ssh2": "to connect to sftp:// server"
            },
            "bin": [
                "deployment"
            ],
            "type": "project",
            "extra": {
                "branch-alias": {
                    "dev-master": "3.0-dev"
                }
            },
            "autoload": {
                "classmap": [
                    "src/"
                ]
            },
            "notification-url": "https://packagist.org/downloads/",
            "license": [
                "BSD-3-Clause",
                "GPL-2.0",
                "GPL-3.0"
            ],
            "authors": [
                {
                    "name": "David Grudl",
                    "homepage": "https://davidgrudl.com"
                }
            ],
            "description": "A tool for automated deployment of web applications to an FTP server.",
            "homepage": "https://github.com/dg/ftp-deployment",
            "keywords": [
                "deployment",
                "ftp",
                "ssh"
            ],
            "support": {
                "issues": "https://github.com/dg/ftp-deployment/issues",
                "source": "https://github.com/dg/ftp-deployment/tree/v3.3.1"
            },
            "time": "2020-11-09T12:40:03+00:00"
        }
    ],
    "aliases": [],
    "minimum-stability": "stable",
    "stability-flags": [],
    "prefer-stable": false,
    "prefer-lowest": false,
    "platform": [],
    "platform-dev": [],
    "plugin-api-version": "2.0.0"
}
